
Microsoft Visual Studio Solution File, Format Version 12.00
# Visual Studio Version 17
VisualStudioVersion = 17.9.34701.34
MinimumVisualStudioVersion = 10.0.40219.1
Project("{FAE04EC0-301F-11D3-BF4B-00C04F79EFBC}") = "Currency.API", "Currency.API.csproj", "{AA86738E-C9B3-4B6E-9697-773F4CE2DAC1}"
EndProject
Project("{FAE04EC0-301F-11D3-BF4B-00C04F79EFBC}") = "Currency.API.Application", "..\Currency.API.Application\Currency.API.Application.csproj", "{28F3D9C6-EDBD-43C9-B6A7-A38728785F37}"
EndProject
Project("{FAE04EC0-301F-11D3-BF4B-00C04F79EFBC}") = "Currency.API.Utilities", "..\Currency.API.Utilities\Currency.API.Utilities.csproj", "{B7CAB44F-D0EE-4C2D-A786-BF703CF2D977}"
EndProject
Project("{FAE04EC0-301F-11D3-BF4B-00C04F79EFBC}") = "Currency.API.Infrastructure", "..\Currency.API.Infrastructure\Currency.API.Infrastructure.csproj", "{1B23BCC8-45F3-40C8-A87C-876A55B1BA58}"
EndProject
Project("{FAE04EC0-301F-11D3-BF4B-00C04F79EFBC}") = "Currency.API.Domain", "..\Currency.API.Domain\Currency.API.Domain.csproj", "{8E898A71-804B-46EE-98E8-F604F37B4686}"
EndProject
Global
	GlobalSection(SolutionConfigurationPlatforms) = preSolution
		Debug|Any CPU = Debug|Any CPU
		Release|Any CPU = Release|Any CPU
	EndGlobalSection
	GlobalSection(ProjectConfigurationPlatforms) = postSolution
		{AA86738E-C9B3-4B6E-9697-773F4CE2DAC1}.Debug|Any CPU.ActiveCfg = Debug|Any CPU
		{AA86738E-C9B3-4B6E-9697-773F4CE2DAC1}.Debug|Any CPU.Build.0 = Debug|Any CPU
		{AA86738E-C9B3-4B6E-9697-773F4CE2DAC1}.Release|Any CPU.ActiveCfg = Release|Any CPU
		{AA86738E-C9B3-4B6E-9697-773F4CE2DAC1}.Release|Any CPU.Build.0 = Release|Any CPU
		{28F3D9C6-EDBD-43C9-B6A7-A38728785F37}.Debug|Any CPU.ActiveCfg = Debug|Any CPU
		{28F3D9C6-EDBD-43C9-B6A7-A38728785F37}.Debug|Any CPU.Build.0 = Debug|Any CPU
		{28F3D9C6-EDBD-43C9-B6A7-A38728785F37}.Release|Any CPU.ActiveCfg = Release|Any CPU
		{28F3D9C6-EDBD-43C9-B6A7-A38728785F37}.Release|Any CPU.Build.0 = Release|Any CPU
		{B7CAB44F-D0EE-4C2D-A786-BF703CF2D977}.Debug|Any CPU.ActiveCfg = Debug|Any CPU
		{B7CAB44F-D0EE-4C2D-A786-BF703CF2D977}.Debug|Any CPU.Build.0 = Debug|Any CPU
		{B7CAB44F-D0EE-4C2D-A786-BF703CF2D977}.Release|Any CPU.ActiveCfg = Release|Any CPU
		{B7CAB44F-D0EE-4C2D-A786-BF703CF2D977}.Release|Any CPU.Build.0 = Release|Any CPU
		{1B23BCC8-45F3-40C8-A87C-876A55B1BA58}.Debug|Any CPU.ActiveCfg = Debug|Any CPU
		{1B23BCC8-45F3-40C8-A87C-876A55B1BA58}.Debug|Any CPU.Build.0 = Debug|Any CPU
		{1B23BCC8-45F3-40C8-A87C-876A55B1BA58}.Release|Any CPU.ActiveCfg = Release|Any CPU
		{1B23BCC8-45F3-40C8-A87C-876A55B1BA58}.Release|Any CPU.Build.0 = Release|Any CPU
		{8E898A71-804B-46EE-98E8-F604F37B4686}.Debug|Any CPU.ActiveCfg = Debug|Any CPU
		{8E898A71-804B-46EE-98E8-F604F37B4686}.Debug|Any CPU.Build.0 = Debug|Any CPU
		{8E898A71-804B-46EE-98E8-F604F37B4686}.Release|Any CPU.ActiveCfg = Release|Any CPU
		{8E898A71-804B-46EE-98E8-F604F37B4686}.Release|Any CPU.Build.0 = Release|Any CPU
	EndGlobalSection
	GlobalSection(SolutionProperties) = preSolution
		HideSolutionNode = FALSE
	EndGlobalSection
	GlobalSection(ExtensibilityGlobals) = postSolution
		SolutionGuid = {4FF583C9-8381-4B2A-A111-9C6B4E4124AA}
	EndGlobalSection
EndGlobal
